# @generated - this file is auto-generated by `mise lock` https://mise.en.dev/dev-tools/mise-lock.html

[[tools.act]]
version = "0.2.89"
backend = "aqua:nektos/act"

[tools.act."platforms.linux-arm64"]
checksum = "sha256:daa8679ba9615a74d2d0cec321dc593f21948a2a11bb65862b063d8b930f4bcb"
url = "https://github.com/nektos/act/releases/download/v0.2.89/act_Linux_arm64.tar.gz"

[tools.act."platforms.linux-x64"]
checksum = "sha256:0191d6f1f3b716b5c55820032605d05fc3c1cdbf581ebeff655019e5dd1524c0"
url = "https://github.com/nektos/act/releases/download/v0.2.89/act_Linux_x86_64.tar.gz"

[tools.act."platforms.macos-arm64"]
checksum = "sha256:48ae218af96725f7635a66de2b87e1e346893b02add0f16b92f560296b2151fc"
url = "https://github.com/nektos/act/releases/download/v0.2.89/act_Darwin_arm64.tar.gz"

[[tools.actionlint]]
version = "1.7.12"
backend = "aqua:rhysd/actionlint"

[tools.actionlint."platforms.linux-arm64"]
checksum = "sha256:325e971b6ba9bfa504672e29be93c24981eeb1c07576d730e9f7c8805afff0c6"
url = "https://github.com/rhysd/actionlint/releases/download/v1.7.12/actionlint_1.7.12_linux_arm64.tar.gz"
provenance = "github-attestations"

[tools.actionlint."platforms.linux-x64"]
checksum = "sha256:8aca8db96f1b94770f1b0d72b6dddcb1ebb8123cb3712530b08cc387b349a3d8"
url = "https://github.com/rhysd/actionlint/releases/download/v1.7.12/actionlint_1.7.12_linux_amd64.tar.gz"
provenance = "github-attestations"

[tools.actionlint."platforms.macos-arm64"]
checksum = "sha256:aba9ced2dee8d27fecca3dc7feb1a7f9a52caefa1eb46f3271ea66b6e0e6953f"
url = "https://github.com/rhysd/actionlint/releases/download/v1.7.12/actionlint_1.7.12_darwin_arm64.tar.gz"
provenance = "github-attestations"

[[tools.cargo-binstall]]
version = "1.21.1"
backend = "aqua:cargo-bins/cargo-binstall"

[tools.cargo-binstall."platforms.linux-arm64"]
checksum = "sha256:1dc2979f3c83aade9a1b4344589d14fafa63459b759222528d11419f5cca9cc2"
url = "https://github.com/cargo-bins/cargo-binstall/releases/download/v1.21.1/cargo-binstall-aarch64-unknown-linux-musl.tgz"
provenance = "github-attestations"

[tools.cargo-binstall."platforms.linux-x64"]
checksum = "sha256:630c8f8803a686aa6779497f0f0fb51d49822fb5fc3c514d8ced33b34e338e6e"
url = "https://github.com/cargo-bins/cargo-binstall/releases/download/v1.21.1/cargo-binstall-x86_64-unknown-linux-musl.tgz"
provenance = "github-attestations"

[tools.cargo-binstall."platforms.macos-arm64"]
checksum = "sha256:bd03935f1a6d652647f6d42a2cd39396a55094ffddc65bed0debebfe32feea43"
url = "https://github.com/cargo-bins/cargo-binstall/releases/download/v1.21.1/cargo-binstall-aarch64-apple-darwin.zip"
provenance = "github-attestations"

[[tools.editorconfig-checker]]
version = "3.8.0"
backend = "aqua:editorconfig-checker/editorconfig-checker"

[tools.editorconfig-checker."platforms.linux-arm64"]
checksum = "sha256:5676889ac4eed1036180ffbe2aeb2062d985ac50f7e6035fe61160c6b8be2c33"
url = "https://github.com/editorconfig-checker/editorconfig-checker/releases/download/v3.8.0/ec-linux-arm64.tar.gz"

[tools.editorconfig-checker."platforms.linux-x64"]
checksum = "sha256:613bd88f34165a334adcb6b7e92a123c9de0eada65846d31af63613b779ff3be"
url = "https://github.com/editorconfig-checker/editorconfig-checker/releases/download/v3.8.0/ec-linux-amd64.tar.gz"

[tools.editorconfig-checker."platforms.macos-arm64"]
checksum = "sha256:73bbb23c24b94c9e61d7ed3694cc313943c59e5e8bc5bee9f186a997a45eb046"
url = "https://github.com/editorconfig-checker/editorconfig-checker/releases/download/v3.8.0/ec-darwin-arm64.tar.gz"

[[tools.go]]
version = "1.26.5"
backend = "core:go"

[tools.go."platforms.linux-arm64"]
checksum = "sha256:fe4789e92b1f33358680864bbe8704289e7bb5fc207d80623c308935bd696d49"
url = "https://dl.google.com/go/go1.26.5.linux-arm64.tar.gz"

[tools.go."platforms.linux-x64"]
checksum = "sha256:5c2c3b16caefa1d968a94c1daca04a7ca301a496d9b086e17ad77bb81393f053"
url = "https://dl.google.com/go/go1.26.5.linux-amd64.tar.gz"

[tools.go."platforms.macos-arm64"]
checksum = "sha256:efb87ff28af9a188d0536ef5d42e63dd52ba8263cd7344a993cc48dd11dedb6a"
url = "https://dl.google.com/go/go1.26.5.darwin-arm64.tar.gz"

[[tools.jq]]
version = "1.8.2"
backend = "aqua:jqlang/jq"

[tools.jq."platforms.linux-arm64"]
checksum = "sha256:8b85c817833814ddca00a144c33705546355afccf0cf39b188f3cdb48b852309"
url = "https://github.com/jqlang/jq/releases/download/jq-1.8.2/jq-linux-arm64"
provenance = "github-attestations"

[tools.jq."platforms.linux-x64"]
checksum = "sha256:b1c22172dd303f3be49e935aa56aa48a8b7a46e0bc838b4997d3bb451495870f"
url = "https://github.com/jqlang/jq/releases/download/jq-1.8.2/jq-linux-amd64"
provenance = "github-attestations"

[tools.jq."platforms.macos-arm64"]
checksum = "sha256:2d75340ba57a4b4b4c8708a21c2dc8e958a48aaa8bba13b27f77f6e4c0eca07e"
url = "https://github.com/jqlang/jq/releases/download/jq-1.8.2/jq-macos-arm64"
provenance = "github-attestations"

[[tools.melange]]
version = "0.56.5"
backend = "aqua:chainguard-dev/melange"

[tools.melange."platforms.linux-arm64"]
checksum = "sha256:3b8565a5d924df0a7a7e61895f62972017f5613bead2d45218e0e4d47f7601c1"
url = "https://github.com/chainguard-dev/melange/releases/download/v0.56.5/melange_0.56.5_linux_arm64.tar.gz"

[tools.melange."platforms.linux-x64"]
checksum = "sha256:40e17d259c9fd7bce8e000a59239d7b9ebf13971117334ad117ae6eefd98f92b"
url = "https://github.com/chainguard-dev/melange/releases/download/v0.56.5/melange_0.56.5_linux_amd64.tar.gz"

[tools.melange."platforms.macos-arm64"]
checksum = "sha256:aea875ca20e1998dcae017df9eb466b5f19d575e26f70a2543fae940a5e9d8a0"
url = "https://github.com/chainguard-dev/melange/releases/download/v0.56.5/melange_0.56.5_darwin_arm64.tar.gz"

[[tools.oras]]
version = "1.3.3"
backend = "aqua:oras-project/oras"

[tools.oras."platforms.linux-arm64"]
checksum = "sha256:ac7156f93a21e903f7ad606c792f3560f17e0cd0e36365634701b1e7cc4e4eca"
url = "https://github.com/oras-project/oras/releases/download/v1.3.3/oras_1.3.3_linux_arm64.tar.gz"

[tools.oras."platforms.linux-x64"]
checksum = "sha256:9ce999f8d2de03fc03968b29d743077a58783e545e5eaa53917ca177352d0e59"
url = "https://github.com/oras-project/oras/releases/download/v1.3.3/oras_1.3.3_linux_amd64.tar.gz"

[tools.oras."platforms.macos-arm64"]
checksum = "sha256:f33fc12753c54172b0d0d19eaa0318d3f90fe9b094d96e8b259c881713c92e1c"
url = "https://github.com/oras-project/oras/releases/download/v1.3.3/oras_1.3.3_darwin_arm64.tar.gz"

[[tools.pre-commit]]
version = "4.6.1"
backend = "aqua:pre-commit/pre-commit"

[tools.pre-commit."platforms.linux-arm64"]
checksum = "sha256:6768cc8f4f810509b9272211c70ef7bb405c52da2ba81b673b2c361a72f1815d"
url = "https://github.com/pre-commit/pre-commit/releases/download/v4.6.1/pre-commit-4.6.1.pyz"

[tools.pre-commit."platforms.linux-x64"]
checksum = "sha256:6768cc8f4f810509b9272211c70ef7bb405c52da2ba81b673b2c361a72f1815d"
url = "https://github.com/pre-commit/pre-commit/releases/download/v4.6.1/pre-commit-4.6.1.pyz"

[tools.pre-commit."platforms.macos-arm64"]
checksum = "sha256:6768cc8f4f810509b9272211c70ef7bb405c52da2ba81b673b2c361a72f1815d"
url = "https://github.com/pre-commit/pre-commit/releases/download/v4.6.1/pre-commit-4.6.1.pyz"

[[tools.rust]]
version = "1.97.1"
backend = "core:rust"

[tools.rust.options]
components = "cargo,clippy"
profile = "default"

[[tools.rust-nightly]]
version = "nightly"
backend = "core:rust"

[tools.rust-nightly.options]
components = "cargo,rustfmt"
profile = "minimal"

[[tools.shellcheck]]
version = "0.11.0"
backend = "aqua:koalaman/shellcheck"

[tools.shellcheck."platforms.linux-arm64"]
checksum = "sha256:12b331c1d2db6b9eb13cfca64306b1b157a86eb69db83023e261eaa7e7c14588"
url = "https://github.com/koalaman/shellcheck/releases/download/v0.11.0/shellcheck-v0.11.0.linux.aarch64.tar.xz"

[tools.shellcheck."platforms.linux-x64"]
checksum = "sha256:8c3be12b05d5c177a04c29e3c78ce89ac86f1595681cab149b65b97c4e227198"
url = "https://github.com/koalaman/shellcheck/releases/download/v0.11.0/shellcheck-v0.11.0.linux.x86_64.tar.xz"

[tools.shellcheck."platforms.macos-arm64"]
checksum = "sha256:56affdd8de5527894dca6dc3d7e0a99a873b0f004d7aabc30ae407d3f48b0a79"
url = "https://github.com/koalaman/shellcheck/releases/download/v0.11.0/shellcheck-v0.11.0.darwin.aarch64.tar.xz"

[[tools.shfmt]]
version = "3.13.1"
backend = "aqua:mvdan/sh"

[tools.shfmt."platforms.linux-arm64"]
checksum = "sha256:32d92acaa5cd8abb29fc49dac123dc412442d5713967819d8af2c29f1b3857c7"
url = "https://github.com/mvdan/sh/releases/download/v3.13.1/shfmt_v3.13.1_linux_arm64"

[tools.shfmt."platforms.linux-x64"]
checksum = "sha256:fb096c5d1ac6beabbdbaa2874d025badb03ee07929f0c9ff67563ce8c75398b1"
url = "https://github.com/mvdan/sh/releases/download/v3.13.1/shfmt_v3.13.1_linux_amd64"

[tools.shfmt."platforms.macos-arm64"]
checksum = "sha256:9680526be4a66ea1ffe988ed08af58e1400fe1e4f4aef5bd88b20bb9b3da33f8"
url = "https://github.com/mvdan/sh/releases/download/v3.13.1/shfmt_v3.13.1_darwin_arm64"

[[tools.uv]]
version = "0.12.1"
backend = "aqua:astral-sh/uv"

[tools.uv."platforms.linux-arm64"]
checksum = "sha256:ce218dad9eb48a39dd86160bec6291fac7275f20a9cabcc4bc10dd2c757208f8"
url = "https://github.com/astral-sh/uv/releases/download/0.12.1/uv-aarch64-unknown-linux-musl.tar.gz"
provenance = "github-attestations"

[tools.uv."platforms.linux-x64"]
checksum = "sha256:47823f814693bab8623308341369190de30b5c621eec5b1ee20352eae8c7982c"
url = "https://github.com/astral-sh/uv/releases/download/0.12.1/uv-x86_64-unknown-linux-musl.tar.gz"
provenance = "github-attestations"

[tools.uv."platforms.macos-arm64"]
checksum = "sha256:77d2906988e8074fd43f2f329ec452ebbf9b0c257ba1c66451c71de70a6baf42"
url = "https://github.com/astral-sh/uv/releases/download/0.12.1/uv-aarch64-apple-darwin.tar.gz"
provenance = "github-attestations"

[[tools.yamllint]]
version = "1.38.0"
backend = "pipx:yamllint"

[[tools.yq]]
version = "4.53.3"
backend = "aqua:mikefarah/yq"

[tools.yq."platforms.linux-arm64"]
checksum = "sha256:578648e463a11c1b6db6010cbf41eafed6bee79466fcffa1bb446672cf7945ea"
url = "https://github.com/mikefarah/yq/releases/download/v4.53.3/yq_linux_arm64"

[tools.yq."platforms.linux-x64"]
checksum = "sha256:fa52a4e758c63d38299163fbdd1edfb4c4963247918bf9c1c5d31d84789eded4"
url = "https://github.com/mikefarah/yq/releases/download/v4.53.3/yq_linux_amd64"

[tools.yq."platforms.macos-arm64"]
checksum = "sha256:877de31753a4dd2401aa048937aa9a7fc4d5f6ce858cf31508c5802954297213"
url = "https://github.com/mikefarah/yq/releases/download/v4.53.3/yq_darwin_arm64"
